
Microsoft Visual Studio Solution File, Format Version 12.00
# Visual Studio Version 17
VisualStudioVersion = 17.10.35027.167
MinimumVisualStudioVersion = 10.0.40219.1
Project("{FAE04EC0-301F-11D3-BF4B-00C04F79EFBC}") = "Engine", "src\Engine\Engine.csproj", "{AAED4CB1-7A6F-4A51-823D-91E6EBD0F358}"
EndProject
Project("{FAE04EC0-301F-11D3-BF4B-00C04F79EFBC}") = "Game", "src\Game\Game.csproj", "{E88E916B-9C49-4B68-99BC-E600CD2BD80F}"
EndProject
Global
	GlobalSection(SolutionConfigurationPlatforms) = preSolution
		Debug|Any CPU = Debug|Any CPU
		Release|Any CPU = Release|Any CPU
	EndGlobalSection
	GlobalSection(ProjectConfigurationPlatforms) = postSolution
		{AAED4CB1-7A6F-4A51-823D-91E6EBD0F358}.Debug|Any CPU.ActiveCfg = Debug|Any CPU
		{AAED4CB1-7A6F-4A51-823D-91E6EBD0F358}.Debug|Any CPU.Build.0 = Debug|Any CPU
		{AAED4CB1-7A6F-4A51-823D-91E6EBD0F358}.Release|Any CPU.ActiveCfg = Release|Any CPU
		{AAED4CB1-7A6F-4A51-823D-91E6EBD0F358}.Release|Any CPU.Build.0 = Release|Any CPU
		{E88E916B-9C49-4B68-99BC-E600CD2BD80F}.Debug|Any CPU.ActiveCfg = Debug|Any CPU
		{E88E916B-9C49-4B68-99BC-E600CD2BD80F}.Debug|Any CPU.Build.0 = Debug|Any CPU
		{E88E916B-9C49-4B68-99BC-E600CD2BD80F}.Debug|Any CPU.Deploy.0 = Debug|Any CPU
		{E88E916B-9C49-4B68-99BC-E600CD2BD80F}.Release|Any CPU.ActiveCfg = Release|Any CPU
		{E88E916B-9C49-4B68-99BC-E600CD2BD80F}.Release|Any CPU.Build.0 = Release|Any CPU
		{E88E916B-9C49-4B68-99BC-E600CD2BD80F}.Release|Any CPU.Deploy.0 = Release|Any CPU
	EndGlobalSection
	GlobalSection(SolutionProperties) = preSolution
		HideSolutionNode = FALSE
	EndGlobalSection
	GlobalSection(ExtensibilityGlobals) = postSolution
		SolutionGuid = {E2BB77CF-A67F-4960-B973-FFA8F62DF17E}
	EndGlobalSection
EndGlobal
